
Microsoft Visual Studio Solution File, Format Version 12.00
# Visual Studio Version 16
VisualStudioVersion = 16.0.30517.126
MinimumVisualStudioVersion = 10.0.40219.1
Project("{F184B08F-C81C-45F6-A57F-5ABD9991F28F}") = "WebApplication1", "WebApplication1\WebApplication1.vbproj", "{59A528A1-91CC-4773-A0B3-FDB8B4492B04}"
EndProject
Global
	GlobalSection(SolutionConfigurationPlatforms) = preSolution
		Debug|Any CPU = Debug|Any CPU
		Release|Any CPU = Release|Any CPU
	EndGlobalSection
	GlobalSection(ProjectConfigurationPlatforms) = postSolution
		{59A528A1-91CC-4773-A0B3-FDB8B4492B04}.Debug|Any CPU.ActiveCfg = Debug|Any CPU
		{59A528A1-91CC-4773-A0B3-FDB8B4492B04}.Debug|Any CPU.Build.0 = Debug|Any CPU
		{59A528A1-91CC-4773-A0B3-FDB8B4492B04}.Release|Any CPU.ActiveCfg = Release|Any CPU
		{59A528A1-91CC-4773-A0B3-FDB8B4492B04}.Release|Any CPU.Build.0 = Release|Any CPU
	EndGlobalSection
	GlobalSection(SolutionProperties) = preSolution
		HideSolutionNode = FALSE
	EndGlobalSection
	GlobalSection(ExtensibilityGlobals) = postSolution
		SolutionGuid = {F8EE80A5-9ECF-4247-98FD-4A474E227C9B}
	EndGlobalSection
EndGlobal
